Microsoft Visual Studio Solution File, Format Version 12.00
# Visual Studio Version 17
VisualStudioVersion = 17.5.2.0
MinimumVisualStudioVersion = 10.0.40219.1
Project("{FAE04EC0-301F-11D3-BF4B-00C04F79EFBC}") = "QWERDS", "QWERDS\QWERDS.csproj", "{46A6BEF4-C125-7C6B-7A47-8C38E8FABCF7}"
EndProject
Global
	GlobalSection(SolutionConfigurationPlatforms) = preSolution
		Debug|Any CPU = Debug|Any CPU
		Release|Any CPU = Release|Any CPU
	EndGlobalSection
	GlobalSection(ProjectConfigurationPlatforms) = postSolution
		{46A6BEF4-C125-7C6B-7A47-8C38E8FABCF7}.Debug|Any CPU.ActiveCfg = Debug|Any CPU
		{46A6BEF4-C125-7C6B-7A47-8C38E8FABCF7}.Debug|Any CPU.Build.0 = Debug|Any CPU
		{46A6BEF4-C125-7C6B-7A47-8C38E8FABCF7}.Release|Any CPU.ActiveCfg = Release|Any CPU
		{46A6BEF4-C125-7C6B-7A47-8C38E8FABCF7}.Release|Any CPU.Build.0 = Release|Any CPU
	EndGlobalSection
	GlobalSection(SolutionProperties) = preSolution
		HideSolutionNode = FALSE
	EndGlobalSection
	GlobalSection(ExtensibilityGlobals) = postSolution
		SolutionGuid = {B5BA1C63-31B7-4C52-A088-2AA032209C81}
	EndGlobalSection
EndGlobal
